
Microsoft Visual Studio Solution File, Format Version 12.00
# Visual Studio 15
VisualStudioVersion = 15.0.26730.15
MinimumVisualStudioVersion = 10.0.40219.1
Project("{FAE04EC0-301F-11D3-BF4B-00C04F79EFBC}") = "DockerDemo", "DockerDemo\DockerDemo.csproj", "{7C50C1C5-B1AE-4B7B-897F-BA47277C032A}"
EndProject
Project("{E53339B2-1760-4266-BCC7-CA923CBCF16C}") = "docker-compose", "docker-compose.dcproj", "{44946D05-763E-419B-B92D-83D34C4FEAF3}"
EndProject
Global
	GlobalSection(SolutionConfigurationPlatforms) = preSolution
		Debug|Any CPU = Debug|Any CPU
		Release|Any CPU = Release|Any CPU
	EndGlobalSection
	GlobalSection(ProjectConfigurationPlatforms) = postSolution
		{7C50C1C5-B1AE-4B7B-897F-BA47277C032A}.Debug|Any CPU.ActiveCfg = Debug|Any CPU
		{7C50C1C5-B1AE-4B7B-897F-BA47277C032A}.Debug|Any CPU.Build.0 = Debug|Any CPU
		{7C50C1C5-B1AE-4B7B-897F-BA47277C032A}.Release|Any CPU.ActiveCfg = Release|Any CPU
		{7C50C1C5-B1AE-4B7B-897F-BA47277C032A}.Release|Any CPU.Build.0 = Release|Any CPU
		{44946D05-763E-419B-B92D-83D34C4FEAF3}.Debug|Any CPU.ActiveCfg = Debug|Any CPU
		{44946D05-763E-419B-B92D-83D34C4FEAF3}.Debug|Any CPU.Build.0 = Debug|Any CPU
		{44946D05-763E-419B-B92D-83D34C4FEAF3}.Release|Any CPU.ActiveCfg = Release|Any CPU
		{44946D05-763E-419B-B92D-83D34C4FEAF3}.Release|Any CPU.Build.0 = Release|Any CPU
	EndGlobalSection
	GlobalSection(SolutionProperties) = preSolution
		HideSolutionNode = FALSE
	EndGlobalSection
	GlobalSection(ExtensibilityGlobals) = postSolution
		SolutionGuid = {6707A987-7D1D-4C7F-B12E-0071940D5B22}
	EndGlobalSection
EndGlobal
